
Microsoft Visual Studio Solution File, Format Version 12.00
# Visual Studio Version 16
VisualStudioVersion = 16.0.31624.102
MinimumVisualStudioVersion = 10.0.40219.1
Project("{FAE04EC0-301F-11D3-BF4B-00C04F79EFBC}") = "ConsoleApp4", "ConsoleApp4\ConsoleApp4.csproj", "{8B9CB9AF-9E67-458F-B0AF-1E3912E90FC5}"
EndProject
Global
	GlobalSection(SolutionConfigurationPlatforms) = preSolution
		Debug|Any CPU = Debug|Any CPU
		Release|Any CPU = Release|Any CPU
	EndGlobalSection
	GlobalSection(ProjectConfigurationPlatforms) = postSolution
		{8B9CB9AF-9E67-458F-B0AF-1E3912E90FC5}.Debug|Any CPU.ActiveCfg = Debug|Any CPU
		{8B9CB9AF-9E67-458F-B0AF-1E3912E90FC5}.Debug|Any CPU.Build.0 = Debug|Any CPU
		{8B9CB9AF-9E67-458F-B0AF-1E3912E90FC5}.Release|Any CPU.ActiveCfg = Release|Any CPU
		{8B9CB9AF-9E67-458F-B0AF-1E3912E90FC5}.Release|Any CPU.Build.0 = Release|Any CPU
	EndGlobalSection
	GlobalSection(SolutionProperties) = preSolution
		HideSolutionNode = FALSE
	EndGlobalSection
	GlobalSection(ExtensibilityGlobals) = postSolution
		SolutionGuid = {9223F878-4593-4631-A121-321743EE3609}
	EndGlobalSection
EndGlobal
